{
  "version": 4,
  "terraform_version": "1.12.2",
  "serial": 116,
  "lineage": "24f40b7f-b64b-e8c5-af62-84fdc8e45881",
  "outputs": {},
  "resources": [
    {
      "mode": "managed",
      "type": "kind_cluster",
      "name": "cow_game",
      "provider": "provider[\"registry.terraform.io/tehcyx/kind\"]",
      "instances": [
        {
          "schema_version": 0,
          "attributes": {
            "client_certificate": "-----BEGIN CERTIFICATE-----\nMIIDKTCCAhGgAwIBAgIIEE6T4XG5DIQwDQYJKoZIhvcNAQELBQAwFTETMBEGA1UE\nAxMKa3ViZXJuZXRlczAeFw0yNjAxMDQwNjU5MzJaFw0yNzAxMDQwNzA0MzNaMDwx\nHzAdBgNVBAoTFmt1YmVhZG06Y2x1c3Rlci1hZG1pbnMxGTAXBgNVBAMTEGt1YmVy\nbmV0ZXMtYWRtaW4wggEiMA0GCSqGSIb3DQEBAQUAA4IBDwAwggEKAoIBAQDNNzzE\n/7K9jNZya74OhFJoFR+YEHP1K62ZiyeQFHblTGfJmBa0wkRc0n9Kdsb1z4Rsey93\n9tPmb36epQ90qMCPijAvaBo6qXhLwXjPl9Xj0pOHXnfhDLPLN+ierzaIywVB7Wmy\nArKy+zmk6PAkCSb8MRkWzGI2GBf2cgbBgILFqNBMal7ufKeLV5hCmeK8OJ5LoIAS\nLkdnQ3ESlQTbkNWdzNX30wN028TD9sCbk6a+Q1j+pqG6l3P6Ocqi/f/1doNaubXu\nzwS6xMsGzIwd9H7LDM3sjuUqBBwfoXerbl7AuzHXcnI8n0If/tu0s60etcerqn60\nkjmWqiCbpUMsGXujAgMBAAGjVjBUMA4GA1UdDwEB/wQEAwIFoDATBgNVHSUEDDAK\nBggrBgEFBQcDAjAMBgNVHRMBAf8EAjAAMB8GA1UdIwQYMBaAFD5CtJCFlDLeS1rJ\nMN/4TeWTU1isMA0GCSqGSIb3DQEBCwUAA4IBAQAK2PfFHPM7lWEUOHS96dOlX9N1\nUwxrhW2qwUr3VrrfBU3wRZORa8eIj6bhTT8hG0dFxUmJLz1K2lDcz8Mz/YKPHqfm\n7H/L3hGc2sHCmTh0cub/UMxq88i8jUekfTxAuXLhzhovHy3jDLSASqcgGzzpNVVG\nMBxBNW7lGGO3fu6GowtB9G/BFhysmnag4K4oYpovVtfNvk1ijuafKk1RSFDKVFYh\n2JjqogENA2OwfOav0UuihFWopiWkm0VA1u2WjbHzyCUPZGj9ENxKbLSuZRBD3+fi\nZYyyNpd1/UhMC8APEikUsk5BrRz75nNHvmaoI/lWDcLxPxQTXWemM2oZRQfX\n-----END CERTIFICATE-----\n",
            "client_key": "-----BEGIN RSA PRIVATE KEY-----\nMIIEowIBAAKCAQEAzTc8xP+yvYzWcmu+DoRSaBUfmBBz9SutmYsnkBR25UxnyZgW\ntMJEXNJ/SnbG9c+EbHsvd/bT5m9+nqUPdKjAj4owL2gaOql4S8F4z5fV49KTh153\n4Qyzyzfonq82iMsFQe1psgKysvs5pOjwJAkm/DEZFsxiNhgX9nIGwYCCxajQTGpe\n7nyni1eYQpnivDieS6CAEi5HZ0NxEpUE25DVnczV99MDdNvEw/bAm5OmvkNY/qah\nupdz+jnKov3/9XaDWrm17s8EusTLBsyMHfR+ywzN7I7lKgQcH6F3q25ewLsx13Jy\nPJ9CH/7btLOtHrXHq6p+tJI5lqogm6VDLBl7owIDAQABAoIBABCRVBOnfRu2gh2s\nuyRa5HhItEtHkMULaLGLvX7xWAP9Hif1YmfngzNnPyWY30k7HrrPWy65O7RP7g4K\nz2ugsCMmietZ4Tw5MGAVV5aS8I67EnQMWWtO5jkS43HkPWff1CXVcAISG7E9fRLm\nR3TxVDdqE1d22rr5SP35iLgYkvY4HM0+cTCj+gHHLy0Z2XiehPql6jQm+c0Bds59\nBpUIWXRiztSua2g/6njdTxSWTJtrpRmaa3tq126bZ/NxnMhg46Od8rgEKFg2kvdU\n1knM0RijqFUPIvmUwQitXSbtdxmqI3WG64FDJnHaFNCTKRiRY02zE+Q4WvhBG7Yt\n+qTnpbECgYEA4WmQUkCdceT1AAmpp7pqq7qlPQK/mV0CS/m4xp/cPMix1cKKfSsZ\n1BN8k9/xZP5oGKame1geZyXFUxg6g4yDo2dcZyQiGMoEbStkQae/bXUJT4W9Y8FU\nemSkiE4tQ8SyloPDB6PlkgKIUu8STUMQJdJZdqr/iplFUOPl5bFBeGkCgYEA6RAU\nPAsNMQRWc9LlK9cU8kSWlPiigF3NCEM0WNd0/y1xKY2GEJXyYtaEiBZJgtbsZwn6\n9/4DDHgxxElSNTzKOzoS1BdrJneaCaxjOpv9er4l5WzLmdtFyT1EW66bPljSmqpr\nYwoz3zFSy2nY1qdqza48fOs5Z+JX5P4pSU8v8isCgYEA3A29Ob8gtS6KS2YjfL3N\nIycL5vrG50ZYVqlMTIOFcsWObpsDrdwk09fON2JY+3otT1tpjWJiE9pYv50YipHj\ndOMT3xD0RHT7S0QgFMRZadbmpv5t/HOhL/cOdI61O8JLggrRm6TSGe9k/Gmt2UVN\n/05RzjpzS/ADLku9hLW9r3kCgYAayfNZd3e7s6DwTUR0RpOsyT95vh6HnMCNe5QP\nxiw3jJSeTxsi2ulyfO/c6JrohCXGLjp/uN3G2CX4RulBH0yrhCBX6p0xXbwB8qOx\nP+7h5etbNKcudyrNV9J8q1RC1VjX2FDhoHGX7QZ0RSVcfv/ixm1DepIto7Gwq5o5\nR/Xd4wKBgGPwfG20CP1canLqrqGNjna7NnipjOjKSYWgAu6naRNZIkgmFpkGOo5y\nYpKKizQ7jTqmOcpf6EpyCzAWXF31Iss2qDfOnHYJ/0a0mHM9Y9GUraOM7SltO/EJ\nXHAcfJZe/ee77k4rhct7bpydSU/vX/Zxu5mkhZRpYBBnvVKUm+qi\n-----END RSA PRIVATE KEY-----\n",
            "cluster_ca_certificate": "-----BEGIN CERTIFICATE-----\nMIIDBTCCAe2gAwIBAgIIQW+lY/ShfrEwDQYJKoZIhvcNAQELBQAwFTETMBEGA1UE\nAxMKa3ViZXJuZXRlczAeFw0yNjAxMDQwNjU5MzJaFw0zNjAxMDIwNzA0MzJaMBUx\nEzARBgNVBAMTCmt1YmVybmV0ZXMwggEiMA0GCSqGSIb3DQEBAQUAA4IBDwAwggEK\nAoIBAQC6F8wgPu2boI1caiTS87JhqFBahUrIMhix8TGef7m/+oyvK1+QQIvidYNO\nLYmrU/+qGD8nyWHD6c0U+JfzzwYdzvOw/2xNTOqyxiAT9wwfmAwCrvrBLdJTNVrv\nv1t1Fz+jXkpWChd3e7TptnsbIvgQp3vTQa6s7qCaOI+JnAI1bgO/KdSROJJGVciK\nVoCrvM9QFxxC5ugw4vlcOAVTWjqvA+sSzSx5dAElQEbuiE5uYFpHS0QwpTylICX0\nscD7+xC97rmYBBymIkrnMiuhR1sMnnCE628I0Z9pujZ9yDOmvCwqBzRgrrkl1Tr9\nI1ny0A6t2cMLpbo7ozRTYKa8pWA9AgMBAAGjWTBXMA4GA1UdDwEB/wQEAwICpDAP\nBgNVHRMBAf8EBTADAQH/MB0GA1UdDgQWBBQ+QrSQhZQy3ktayTDf+E3lk1NYrDAV\nBgNVHREEDjAMggprdWJlcm5ldGVzMA0GCSqGSIb3DQEBCwUAA4IBAQA5Gct6Ob44\nrMglxAYBufKiTA5TrcyO2jzAI8FVzKwYoguxhxKMvUUzQQDLYeGbj/c/Z7XoruJd\nF7r/Otmrhyskv+dXrItdL0TUEI2C2d2xWrRRdM7Okf8wv1ztbq5yoeyKxOm4RzSP\nvafF36E5O9lHR1qmUkWu19+q8qS75MTRSBY6QacU1AbYDKVLCT11ypblRyfvkKKW\nebjbgQYUT79fXKqoFlEMect/c/SsiL6BDxGXkyfJwE/JJ0wbs3ZoM/lM2g40AObv\nF+5sJ9HJ39Wx8YR3qpN7tvdrVm9jtGYy9/GZv9zMnbg2tOzedKgzQrM0QVPPw6L6\nk0FbBCmCgwri\n-----END CERTIFICATE-----\n",
            "completed": true,
            "endpoint": "https://127.0.0.1:54096",
            "id": "cow-game-prod-",
            "kind_config": [
              {
                "api_version": "kind.x-k8s.io/v1alpha4",
                "containerd_config_patches": null,
                "feature_gates": null,
                "kind": "Cluster",
                "networking": [],
                "node": [
                  {
                    "extra_mounts": [],
                    "extra_port_mappings": [
                      {
                        "container_port": 30080,
                        "host_port": 30080,
                        "listen_address": "",
                        "protocol": "TCP"
                      }
                    ],
                    "image": "",
                    "kubeadm_config_patches": null,
                    "labels": null,
                    "role": "control-plane"
                  }
                ],
                "runtime_config": null
              }
            ],
            "kubeconfig": "apiVersion: v1\nclusters:\n- cluster:\n    certificate-authority-data: LS0tLS1CRUdJTiBDRVJUSUZJQ0FURS0tLS0tCk1JSURCVENDQWUyZ0F3SUJBZ0lJUVcrbFkvU2hmckV3RFFZSktvWklodmNOQVFFTEJRQXdGVEVUTUJFR0ExVUUKQXhNS2EzVmlaWEp1WlhSbGN6QWVGdzB5TmpBeE1EUXdOalU1TXpKYUZ3MHpOakF4TURJd056QTBNekphTUJVeApFekFSQmdOVkJBTVRDbXQxWW1WeWJtVjBaWE13Z2dFaU1BMEdDU3FHU0liM0RRRUJBUVVBQTRJQkR3QXdnZ0VLCkFvSUJBUUM2Rjh3Z1B1MmJvSTFjYWlUUzg3SmhxRkJhaFVySU1oaXg4VEdlZjdtLytveXZLMStRUUl2aWRZTk8KTFltclUvK3FHRDhueVdIRDZjMFUrSmZ6endZZHp2T3cvMnhOVE9xeXhpQVQ5d3dmbUF3Q3J2ckJMZEpUTlZydgp2MXQxRnoralhrcFdDaGQzZTdUcHRuc2JJdmdRcDN2VFFhNnM3cUNhT0krSm5BSTFiZ08vS2RTUk9KSkdWY2lLClZvQ3J2TTlRRnh4QzV1Z3c0dmxjT0FWVFdqcXZBK3NTelN4NWRBRWxRRWJ1aUU1dVlGcEhTMFF3cFR5bElDWDAKc2NENyt4Qzk3cm1ZQkJ5bUlrcm5NaXVoUjFzTW5uQ0U2MjhJMFo5cHVqWjl5RE9tdkN3cUJ6UmdycmtsMVRyOQpJMW55MEE2dDJjTUxwYm83b3pSVFlLYThwV0E5QWdNQkFBR2pXVEJYTUE0R0ExVWREd0VCL3dRRUF3SUNwREFQCkJnTlZIUk1CQWY4RUJUQURBUUgvTUIwR0ExVWREZ1FXQkJRK1FyU1FoWlF5M2t0YXlURGYrRTNsazFOWXJEQVYKQmdOVkhSRUVEakFNZ2dwcmRXSmxjbTVsZEdWek1BMEdDU3FHU0liM0RRRUJDd1VBQTRJQkFRQTVHY3Q2T2I0NApyTWdseEFZQnVmS2lUQTVUcmN5TzJqekFJOEZWekt3WW9ndXhoeEtNdlVVelFRRExZZUdiai9jL1o3WG9ydUpkCkY3ci9PdG1yaHlza3YrZFhySXRkTDBUVUVJMkMyZDJ4V3JSUmRNN09rZjh3djF6dGJxNXlvZXlLeE9tNFJ6U1AKdmFmRjM2RTVPOWxIUjFxbVVrV3UxOStxOHFTNzVNVFJTQlk2UWFjVTFBYllES1ZMQ1QxMXlwYmxSeWZ2a0tLVwplYmpiZ1FZVVQ3OWZYS3FvRmxFTWVjdC9jL1NzaUw2QkR4R1hreWZKd0UvSkowd2JzM1pvTS9sTTJnNDBBT2J2CkYrNXNKOUhKMzlXeDhZUjNxcE43dHZkclZtOWp0R1l5OS9HWnY5ek1uYmcydE96ZWRLZ3pRck0wUVZQUHc2TDYKazBGYkJDbUNnd3JpCi0tLS0tRU5EIENFUlRJRklDQVRFLS0tLS0K\n    server: https://127.0.0.1:54096\n  name: kind-cow-game-prod\ncontexts:\n- context:\n    cluster: kind-cow-game-prod\n    user: kind-cow-game-prod\n  name: kind-cow-game-prod\ncurrent-context: kind-cow-game-prod\nkind: Config\npreferences: {}\nusers:\n- name: kind-cow-game-prod\n  user:\n    client-certificate-data: LS0tLS1CRUdJTiBDRVJUSUZJQ0FURS0tLS0tCk1JSURLVENDQWhHZ0F3SUJBZ0lJRUU2VDRYRzVESVF3RFFZSktvWklodmNOQVFFTEJRQXdGVEVUTUJFR0ExVUUKQXhNS2EzVmlaWEp1WlhSbGN6QWVGdzB5TmpBeE1EUXdOalU1TXpKYUZ3MHlOekF4TURRd056QTBNek5hTUR3eApIekFkQmdOVkJBb1RGbXQxWW1WaFpHMDZZMngxYzNSbGNpMWhaRzFwYm5NeEdUQVhCZ05WQkFNVEVHdDFZbVZ5CmJtVjBaWE10WVdSdGFXNHdnZ0VpTUEwR0NTcUdTSWIzRFFFQkFRVUFBNElCRHdBd2dnRUtBb0lCQVFETk56ekUKLzdLOWpOWnlhNzRPaEZKb0ZSK1lFSFAxSzYyWml5ZVFGSGJsVEdmSm1CYTB3a1JjMG45S2RzYjF6NFJzZXk5Mwo5dFBtYjM2ZXBROTBxTUNQaWpBdmFCbzZxWGhMd1hqUGw5WGowcE9IWG5maERMUExOK2llcnphSXl3VkI3V215CkFyS3krem1rNlBBa0NTYjhNUmtXekdJMkdCZjJjZ2JCZ0lMRnFOQk1hbDd1ZktlTFY1aENtZUs4T0o1TG9JQVMKTGtkblEzRVNsUVRia05XZHpOWDMwd04wMjhURDlzQ2JrNmErUTFqK3BxRzZsM1A2T2NxaS9mLzFkb05hdWJYdQp6d1M2eE1zR3pJd2Q5SDdMRE0zc2p1VXFCQndmb1hlcmJsN0F1ekhYY25JOG4wSWYvdHUwczYwZXRjZXJxbjYwCmtqbVdxaUNicFVNc0dYdWpBZ01CQUFHalZqQlVNQTRHQTFVZER3RUIvd1FFQXdJRm9EQVRCZ05WSFNVRUREQUsKQmdnckJnRUZCUWNEQWpBTUJnTlZIUk1CQWY4RUFqQUFNQjhHQTFVZEl3UVlNQmFBRkQ1Q3RKQ0ZsRExlUzFySgpNTi80VGVXVFUxaXNNQTBHQ1NxR1NJYjNEUUVCQ3dVQUE0SUJBUUFLMlBmRkhQTTdsV0VVT0hTOTZkT2xYOU4xClV3eHJoVzJxd1VyM1ZycmZCVTN3UlpPUmE4ZUlqNmJoVFQ4aEcwZEZ4VW1KTHoxSzJsRGN6OE16L1lLUEhxZm0KN0gvTDNoR2Myc0hDbVRoMGN1Yi9VTXhxODhpOGpVZWtmVHhBdVhMaHpob3ZIeTNqRExTQVNxY2dHenpwTlZWRwpNQnhCTlc3bEdHTzNmdTZHb3d0QjlHL0JGaHlzbW5hZzRLNG9ZcG92VnRmTnZrMWlqdWFmS2sxUlNGREtWRlloCjJKanFvZ0VOQTJPd2ZPYXYwVXVpaEZXb3BpV2ttMFZBMXUyV2piSHp5Q1VQWkdqOUVOeEtiTFN1WlJCRDMrZmkKWll5eU5wZDEvVWhNQzhBUEVpa1VzazVCclJ6NzVuTkh2bWFvSS9sV0RjTHhQeFFUWFdlbU0yb1pSUWZYCi0tLS0tRU5EIENFUlRJRklDQVRFLS0tLS0K\n    client-key-data: LS0tLS1CRUdJTiBSU0EgUFJJVkFURSBLRVktLS0tLQpNSUlFb3dJQkFBS0NBUUVBelRjOHhQK3l2WXpXY211K0RvUlNhQlVmbUJCejlTdXRtWXNua0JSMjVVeG55WmdXCnRNSkVYTkovU25iRzljK0ViSHN2ZC9iVDVtOStucVVQZEtqQWo0b3dMMmdhT3FsNFM4RjR6NWZWNDlLVGgxNTMKNFF5enl6Zm9ucTgyaU1zRlFlMXBzZ0t5c3ZzNXBPandKQWttL0RFWkZzeGlOaGdYOW5JR3dZQ0N4YWpRVEdwZQo3bnluaTFlWVFwbml2RGllUzZDQUVpNUhaME54RXBVRTI1RFZuY3pWOTlNRGROdkV3L2JBbTVPbXZrTlkvcWFoCnVwZHoram5Lb3YzLzlYYURXcm0xN3M4RXVzVExCc3lNSGZSK3l3ek43STdsS2dRY0g2RjNxMjVld0xzeDEzSnkKUEo5Q0gvN2J0TE90SHJYSHE2cCt0Skk1bHFvZ202VkRMQmw3b3dJREFRQUJBb0lCQUJDUlZCT25mUnUyZ2gycwp1eVJhNUhoSXRFdEhrTVVMYUxHTHZYN3hXQVA5SGlmMVltZm5nek5uUHlXWTMwazdIcnJQV3k2NU83UlA3ZzRLCnoydWdzQ01taWV0WjRUdzVNR0FWVjVhUzhJNjdFblFNV1d0TzVqa1M0M0hrUFdmZjFDWFZjQUlTRzdFOWZSTG0KUjNUeFZEZHFFMWQyMnJyNVNQMzVpTGdZa3ZZNEhNMCtjVENqK2dISEx5MFoyWGllaFBxbDZqUW0rYzBCZHM1OQpCcFVJV1hSaXp0U3VhMmcvNm5qZFR4U1dUSnRycFJtYWEzdHExMjZiWi9OeG5NaGc0Nk9kOHJnRUtGZzJrdmRVCjFrbk0wUmlqcUZVUEl2bVV3UWl0WFNidGR4bXFJM1dHNjRGREpuSGFGTkNUS1JpUlkwMnpFK1E0V3ZoQkc3WXQKK3FUbnBiRUNnWUVBNFdtUVVrQ2RjZVQxQUFtcHA3cHFxN3FsUFFLL21WMENTL200eHAvY1BNaXgxY0tLZlNzWgoxQk44azkveFpQNW9HS2FtZTFnZVp5WEZVeGc2ZzR5RG8yZGNaeVFpR01vRWJTdGtRYWUvYlhVSlQ0VzlZOEZVCmVtU2tpRTR0UThTeWxvUERCNlBsa2dLSVV1OFNUVU1RSmRKWmRxci9pcGxGVU9QbDViRkJlR2tDZ1lFQTZSQVUKUEFzTk1RUldjOUxsSzljVThrU1dsUGlpZ0YzTkNFTTBXTmQwL3kxeEtZMkdFSlh5WXRhRWlCWkpndGJzWnduNgo5LzREREhneHhFbFNOVHpLT3pvUzFCZHJKbmVhQ2F4ak9wdjllcjRsNVd6TG1kdEZ5VDFFVzY2YlBsalNtcXByCll3b3ozekZTeTJuWTFxZHF6YTQ4Zk9zNVorSlg1UDRwU1U4djhpc0NnWUVBM0EyOU9iOGd0UzZLUzJZamZMM04KSXljTDV2ckc1MFpZVnFsTVRJT0Zjc1dPYnBzRHJkd2swOWZPTjJKWSszb3RUMXRwaldKaUU5cFl2NTBZaXBIagpkT01UM3hEMFJIVDdTMFFnRk1SWmFkYm1wdjV0L0hPaEwvY09kSTYxTzhKTGdnclJtNlRTR2U5ay9HbXQyVVZOCi8wNVJ6anB6Uy9BRExrdTloTFc5cjNrQ2dZQWF5Zk5aZDNlN3M2RHdUVVIwUnBPc3lUOTV2aDZIbk1DTmU1UVAKeGl3M2pKU2VUeHNpMnVseWZPL2M2SnJvaENYR0xqcC91TjNHMkNYNFJ1bEJIMHlyaENCWDZwMHhYYndCOHFPeApQKzdoNWV0Yk5LY3VkeXJOVjlKOHExUkMxVmpYMkZEaG9IR1g3UVowUlNWY2Z2L2l4bTFEZXBJdG83R3dxNW81ClIvWGQ0d0tCZ0dQd2ZHMjBDUDFjYW5McXJxR05qbmE3Tm5pcGpPaktTWVdnQXU2bmFSTlpJa2dtRnBrR09vNXkKWXBLS2l6UTdqVHFtT2NwZjZFcHlDekFXWEYzMUlzczJxRGZPbkhZSi8wYTBtSE05WTlHVXJhT003U2x0Ty9FSgpYSEFjZkpaZS9lZTc3azRyaGN0N2JweWRTVS92WC9aeHU1bWtoWlJwWUJCbnZWS1VtK3FpCi0tLS0tRU5EIFJTQSBQUklWQVRFIEtFWS0tLS0tCg==\n",
            "kubeconfig_path": "/Users/mau/Dev/infra/cow-game-prod-config",
            "name": "cow-game-prod",
            "node_image": null,
            "timeouts": null,
            "wait_for_ready": false
          },
          "sensitive_attributes": [],
          "identity_schema_version": 0,
          "private": "eyJlMmJmYjczMC1lY2FhLTExZTYtOGY4OC0zNDM2M2JjN2M0YzAiOnsiY3JlYXRlIjozMDAwMDAwMDAwMDAsImRlbGV0ZSI6MzAwMDAwMDAwMDAwLCJ1cGRhdGUiOjMwMDAwMDAwMDAwMH19"
        }
      ]
    },
    {
      "mode": "managed",
      "type": "kubernetes_deployment",
      "name": "game_server",
      "provider": "provider[\"registry.terraform.io/hashicorp/kubernetes\"]",
      "instances": [
        {
          "schema_version": 1,
          "attributes": {
            "id": "default/the-cow-game-server",
            "metadata": [
              {
                "annotations": null,
                "generate_name": "",
                "generation": 1,
                "labels": {
                  "app": "cow-game"
                },
                "name": "the-cow-game-server",
                "namespace": "default",
                "resource_version": "556",
                "uid": "9c35bec3-d869-4566-93f5-c39f4120e646"
              }
            ],
            "spec": [
              {
                "min_ready_seconds": 0,
                "paused": false,
                "progress_deadline_seconds": 600,
                "replicas": "1",
                "revision_history_limit": 10,
                "selector": [
                  {
                    "match_expressions": [],
                    "match_labels": {
                      "app": "cow-game"
                    }
                  }
                ],
                "strategy": [
                  {
                    "rolling_update": [
                      {
                        "max_surge": "1",
                        "max_unavailable": "0"
                      }
                    ],
                    "type": "RollingUpdate"
                  }
                ],
                "template": [
                  {
                    "metadata": [
                      {
                        "annotations": null,
                        "generate_name": "",
                        "generation": 0,
                        "labels": {
                          "app": "cow-game"
                        },
                        "name": "",
                        "namespace": "",
                        "resource_version": "",
                        "uid": ""
                      }
                    ],
                    "spec": [
                      {
                        "active_deadline_seconds": 0,
                        "affinity": [],
                        "automount_service_account_token": true,
                        "container": [
                          {
                            "args": null,
                            "command": null,
                            "env": [
                              {
                                "name": "NODE_OPTIONS",
                                "value": "--max-old-space-size=384",
                                "value_from": []
                              },
                              {
                                "name": "REDIS_HOST",
                                "value": "redis",
                                "value_from": []
                              },
                              {
                                "name": "REDIS_PORT",
                                "value": "6379",
                                "value_from": []
                              }
                            ],
                            "env_from": [],
                            "image": "mmo-server:local",
                            "image_pull_policy": "Never",
                            "lifecycle": [],
                            "liveness_probe": [],
                            "name": "thecowgameserver",
                            "port": [
                              {
                                "container_port": 6060,
                                "host_ip": "",
                                "host_port": 0,
                                "name": "",
                                "protocol": "TCP"
                              }
                            ],
                            "readiness_probe": [],
                            "resources": [
                              {
                                "limits": {
                                  "cpu": "750m",
                                  "memory": "512Mi"
                                },
                                "requests": {
                                  "cpu": "20m",
                                  "memory": "128Mi"
                                }
                              }
                            ],
                            "restart_policy": "",
                            "security_context": [],
                            "startup_probe": [],
                            "stdin": false,
                            "stdin_once": false,
                            "termination_message_path": "/dev/termination-log",
                            "termination_message_policy": "File",
                            "tty": false,
                            "volume_device": [],
                            "volume_mount": [],
                            "working_dir": ""
                          }
                        ],
                        "dns_config": [],
                        "dns_policy": "ClusterFirst",
                        "enable_service_links": true,
                        "host_aliases": [],
                        "host_ipc": false,
                        "host_network": false,
                        "host_pid": false,
                        "hostname": "",
                        "image_pull_secrets": [],
                        "init_container": [],
                        "node_name": "",
                        "node_selector": null,
                        "os": [],
                        "priority_class_name": "",
                        "readiness_gate": [],
                        "restart_policy": "Always",
                        "runtime_class_name": "",
                        "scheduler_name": "default-scheduler",
                        "security_context": [],
                        "service_account_name": "",
                        "share_process_namespace": false,
                        "subdomain": "",
                        "termination_grace_period_seconds": 30,
                        "toleration": [],
                        "topology_spread_constraint": [],
                        "volume": []
                      }
                    ]
                  }
                ]
              }
            ],
            "timeouts": null,
            "wait_for_rollout": true
          },
          "sensitive_attributes": [],
          "identity_schema_version": 1,
          "identity": {
            "api_version": "apps/v1",
            "kind": "Deployment",
            "name": "the-cow-game-server",
            "namespace": "default"
          },
          "private": "eyJlMmJmYjczMC1lY2FhLTExZTYtOGY4OC0zNDM2M2JjN2M0YzAiOnsiY3JlYXRlIjo2MDAwMDAwMDAwMDAsImRlbGV0ZSI6NjAwMDAwMDAwMDAwLCJ1cGRhdGUiOjYwMDAwMDAwMDAwMH0sInNjaGVtYV92ZXJzaW9uIjoiMSJ9",
          "dependencies": [
            "kind_cluster.cow_game",
            "kubernetes_deployment.redis",
            "kubernetes_service.redis",
            "null_resource.load_image"
          ]
        }
      ]
    },
    {
      "mode": "managed",
      "type": "kubernetes_deployment",
      "name": "redis",
      "provider": "provider[\"registry.terraform.io/hashicorp/kubernetes\"]",
      "instances": [
        {
          "schema_version": 1,
          "attributes": {
            "id": "default/redis",
            "metadata": [
              {
                "annotations": null,
                "generate_name": "",
                "generation": 1,
                "labels": null,
                "name": "redis",
                "namespace": "default",
                "resource_version": "528",
                "uid": "eb6bdb9c-0c2a-42f3-9f64-effe3ae7694f"
              }
            ],
            "spec": [
              {
                "min_ready_seconds": 0,
                "paused": false,
                "progress_deadline_seconds": 600,
                "replicas": "1",
                "revision_history_limit": 10,
                "selector": [
                  {
                    "match_expressions": [],
                    "match_labels": {
                      "app": "redis"
                    }
                  }
                ],
                "strategy": [
                  {
                    "rolling_update": [
                      {
                        "max_surge": "25%",
                        "max_unavailable": "25%"
                      }
                    ],
                    "type": "RollingUpdate"
                  }
                ],
                "template": [
                  {
                    "metadata": [
                      {
                        "annotations": null,
                        "generate_name": "",
                        "generation": 0,
                        "labels": {
                          "app": "redis"
                        },
                        "name": "",
                        "namespace": "",
                        "resource_version": "",
                        "uid": ""
                      }
                    ],
                    "spec": [
                      {
                        "active_deadline_seconds": 0,
                        "affinity": [],
                        "automount_service_account_token": true,
                        "container": [
                          {
                            "args": null,
                            "command": null,
                            "env": [],
                            "env_from": [],
                            "image": "redis:alpine",
                            "image_pull_policy": "IfNotPresent",
                            "lifecycle": [],
                            "liveness_probe": [],
                            "name": "redis",
                            "port": [
                              {
                                "container_port": 6379,
                                "host_ip": "",
                                "host_port": 0,
                                "name": "",
                                "protocol": "TCP"
                              }
                            ],
                            "readiness_probe": [],
                            "resources": [
                              {
                                "limits": {},
                                "requests": {}
                              }
                            ],
                            "restart_policy": "",
                            "security_context": [],
                            "startup_probe": [],
                            "stdin": false,
                            "stdin_once": false,
                            "termination_message_path": "/dev/termination-log",
                            "termination_message_policy": "File",
                            "tty": false,
                            "volume_device": [],
                            "volume_mount": [],
                            "working_dir": ""
                          }
                        ],
                        "dns_config": [],
                        "dns_policy": "ClusterFirst",
                        "enable_service_links": true,
                        "host_aliases": [],
                        "host_ipc": false,
                        "host_network": false,
                        "host_pid": false,
                        "hostname": "",
                        "image_pull_secrets": [],
                        "init_container": [],
                        "node_name": "",
                        "node_selector": null,
                        "os": [],
                        "priority_class_name": "",
                        "readiness_gate": [],
                        "restart_policy": "Always",
                        "runtime_class_name": "",
                        "scheduler_name": "default-scheduler",
                        "security_context": [],
                        "service_account_name": "",
                        "share_process_namespace": false,
                        "subdomain": "",
                        "termination_grace_period_seconds": 30,
                        "toleration": [],
                        "topology_spread_constraint": [],
                        "volume": [
                          {
                            "aws_elastic_block_store": [],
                            "azure_disk": [],
                            "azure_file": [],
                            "ceph_fs": [],
                            "cinder": [],
                            "config_map": [],
                            "csi": [],
                            "downward_api": [],
                            "empty_dir": [],
                            "ephemeral": [],
                            "fc": [],
                            "flex_volume": [],
                            "flocker": [],
                            "gce_persistent_disk": [],
                            "git_repo": [],
                            "glusterfs": [],
                            "host_path": [],
                            "iscsi": [],
                            "local": [],
                            "name": "redis-data",
                            "nfs": [],
                            "persistent_volume_claim": [
                              {
                                "claim_name": "redis-pvc",
                                "read_only": false
                              }
                            ],
                            "photon_persistent_disk": [],
                            "projected": [],
                            "quobyte": [],
                            "rbd": [],
                            "secret": [],
                            "vsphere_volume": []
                          }
                        ]
                      }
                    ]
                  }
                ]
              }
            ],
            "timeouts": null,
            "wait_for_rollout": true
          },
          "sensitive_attributes": [],
          "identity_schema_version": 1,
          "identity": {
            "api_version": "apps/v1",
            "kind": "Deployment",
            "name": "redis",
            "namespace": "default"
          },
          "private": "eyJlMmJmYjczMC1lY2FhLTExZTYtOGY4OC0zNDM2M2JjN2M0YzAiOnsiY3JlYXRlIjo2MDAwMDAwMDAwMDAsImRlbGV0ZSI6NjAwMDAwMDAwMDAwLCJ1cGRhdGUiOjYwMDAwMDAwMDAwMH0sInNjaGVtYV92ZXJzaW9uIjoiMSJ9",
          "dependencies": [
            "kind_cluster.cow_game"
          ]
        }
      ]
    },
    {
      "mode": "managed",
      "type": "kubernetes_persistent_volume_claim",
      "name": "redis",
      "provider": "provider[\"registry.terraform.io/hashicorp/kubernetes\"]",
      "instances": [
        {
          "schema_version": 0,
          "attributes": {
            "id": "default/redis-pvc",
            "metadata": [
              {
                "annotations": null,
                "generate_name": "",
                "generation": 0,
                "labels": null,
                "name": "redis-pvc",
                "namespace": "default",
                "resource_version": "514",
                "uid": "4cd8f375-bede-4e0c-b7cc-c922cf6c69e9"
              }
            ],
            "spec": [
              {
                "access_modes": [
                  "ReadWriteOnce"
                ],
                "resources": [
                  {
                    "limits": null,
                    "requests": {
                      "storage": "1Gi"
                    }
                  }
                ],
                "selector": [],
                "storage_class_name": "standard",
                "volume_mode": "Filesystem",
                "volume_name": "pvc-4cd8f375-bede-4e0c-b7cc-c922cf6c69e9"
              }
            ],
            "timeouts": null,
            "wait_until_bound": true
          },
          "sensitive_attributes": [],
          "identity_schema_version": 0,
          "private": "eyJlMmJmYjczMC1lY2FhLTExZTYtOGY4OC0zNDM2M2JjN2M0YzAiOnsiY3JlYXRlIjozMDAwMDAwMDAwMDB9fQ==",
          "dependencies": [
            "kind_cluster.cow_game"
          ]
        }
      ]
    },
    {
      "mode": "managed",
      "type": "kubernetes_service",
      "name": "redis",
      "provider": "provider[\"registry.terraform.io/hashicorp/kubernetes\"]",
      "instances": [
        {
          "schema_version": 1,
          "attributes": {
            "id": "default/redis",
            "metadata": [
              {
                "annotations": null,
                "generate_name": "",
                "generation": 0,
                "labels": null,
                "name": "redis",
                "namespace": "default",
                "resource_version": "532",
                "uid": "bdb73daa-b2d6-4898-8323-32dffc0a4462"
              }
            ],
            "spec": [
              {
                "allocate_load_balancer_node_ports": true,
                "cluster_ip": "10.96.163.149",
                "cluster_ips": [
                  "10.96.163.149"
                ],
                "external_ips": null,
                "external_name": "",
                "external_traffic_policy": "",
                "health_check_node_port": 0,
                "internal_traffic_policy": "Cluster",
                "ip_families": [
                  "IPv4"
                ],
                "ip_family_policy": "SingleStack",
                "load_balancer_class": "",
                "load_balancer_ip": "",
                "load_balancer_source_ranges": null,
                "port": [
                  {
                    "app_protocol": "",
                    "name": "",
                    "node_port": 0,
                    "port": 6379,
                    "protocol": "TCP",
                    "target_port": "6379"
                  }
                ],
                "publish_not_ready_addresses": false,
                "selector": {
                  "app": "redis"
                },
                "session_affinity": "None",
                "session_affinity_config": [],
                "type": "ClusterIP"
              }
            ],
            "status": [
              {
                "load_balancer": [
                  {
                    "ingress": []
                  }
                ]
              }
            ],
            "timeouts": null,
            "wait_for_load_balancer": true
          },
          "sensitive_attributes": [],
          "identity_schema_version": 1,
          "identity": {
            "api_version": "v1",
            "kind": "Service",
            "name": "redis",
            "namespace": "default"
          },
          "private": "eyJlMmJmYjczMC1lY2FhLTExZTYtOGY4OC0zNDM2M2JjN2M0YzAiOnsiY3JlYXRlIjo2MDAwMDAwMDAwMDB9LCJzY2hlbWFfdmVyc2lvbiI6IjEifQ==",
          "dependencies": [
            "kind_cluster.cow_game",
            "kubernetes_deployment.redis"
          ]
        }
      ]
    },
    {
      "mode": "managed",
      "type": "kubernetes_service",
      "name": "the_cow_game_server",
      "provider": "provider[\"registry.terraform.io/hashicorp/kubernetes\"]",
      "instances": [
        {
          "schema_version": 1,
          "attributes": {
            "id": "default/the-cow-game-server",
            "metadata": [
              {
                "annotations": null,
                "generate_name": "",
                "generation": 0,
                "labels": null,
                "name": "the-cow-game-server",
                "namespace": "default",
                "resource_version": "307",
                "uid": "2a3d953e-cfd0-4dd3-a56a-6338349cd55b"
              }
            ],
            "spec": [
              {
                "allocate_load_balancer_node_ports": true,
                "cluster_ip": "10.96.126.178",
                "cluster_ips": [
                  "10.96.126.178"
                ],
                "external_ips": null,
                "external_name": "",
                "external_traffic_policy": "Cluster",
                "health_check_node_port": 0,
                "internal_traffic_policy": "Cluster",
                "ip_families": [
                  "IPv4"
                ],
                "ip_family_policy": "SingleStack",
                "load_balancer_class": "",
                "load_balancer_ip": "",
                "load_balancer_source_ranges": null,
                "port": [
                  {
                    "app_protocol": "",
                    "name": "",
                    "node_port": 30080,
                    "port": 80,
                    "protocol": "TCP",
                    "target_port": "6060"
                  }
                ],
                "publish_not_ready_addresses": false,
                "selector": {
                  "app": "cow-game"
                },
                "session_affinity": "None",
                "session_affinity_config": [],
                "type": "NodePort"
              }
            ],
            "status": [
              {
                "load_balancer": [
                  {
                    "ingress": []
                  }
                ]
              }
            ],
            "timeouts": null,
            "wait_for_load_balancer": true
          },
          "sensitive_attributes": [],
          "identity_schema_version": 1,
          "identity": {
            "api_version": "v1",
            "kind": "Service",
            "name": "the-cow-game-server",
            "namespace": "default"
          },
          "private": "eyJlMmJmYjczMC1lY2FhLTExZTYtOGY4OC0zNDM2M2JjN2M0YzAiOnsiY3JlYXRlIjo2MDAwMDAwMDAwMDB9LCJzY2hlbWFfdmVyc2lvbiI6IjEifQ==",
          "dependencies": [
            "kind_cluster.cow_game"
          ]
        }
      ]
    },
    {
      "mode": "managed",
      "type": "null_resource",
      "name": "load_image",
      "provider": "provider[\"registry.terraform.io/hashicorp/null\"]",
      "instances": [
        {
          "schema_version": 0,
          "attributes": {
            "id": "8898936434020832077",
            "triggers": {
              "cluster_id": "cow-game-prod-",
              "cluster_name": "cow-game-prod"
            }
          },
          "sensitive_attributes": [],
          "identity_schema_version": 0,
          "dependencies": [
            "kind_cluster.cow_game"
          ]
        }
      ]
    }
  ],
  "check_results": null
}
